
Microsoft Visual Studio Solution File, Format Version 12.00
# Visual Studio 15
VisualStudioVersion = 15.0.27428.2005
MinimumVisualStudioVersion = 10.0.40219.1
Project("{FAE04EC0-301F-11D3-BF4B-00C04F79EFBC}") = "MobileApp_Assignment", "MobileApp_Assignment\MobileApp_Assignment.csproj", "{E42DF5B3-E40D-4393-8BDE-2160A89EAC75}"
EndProject
Global
	GlobalSection(SolutionConfigurationPlatforms) = preSolution
		Debug|Any CPU = Debug|Any CPU
		Release|Any CPU = Release|Any CPU
	EndGlobalSection
	GlobalSection(ProjectConfigurationPlatforms) = postSolution
		{E42DF5B3-E40D-4393-8BDE-2160A89EAC75}.Debug|Any CPU.ActiveCfg = Debug|Any CPU
		{E42DF5B3-E40D-4393-8BDE-2160A89EAC75}.Debug|Any CPU.Build.0 = Debug|Any CPU
		{E42DF5B3-E40D-4393-8BDE-2160A89EAC75}.Debug|Any CPU.Deploy.0 = Debug|Any CPU
		{E42DF5B3-E40D-4393-8BDE-2160A89EAC75}.Release|Any CPU.ActiveCfg = Release|Any CPU
		{E42DF5B3-E40D-4393-8BDE-2160A89EAC75}.Release|Any CPU.Build.0 = Release|Any CPU
		{E42DF5B3-E40D-4393-8BDE-2160A89EAC75}.Release|Any CPU.Deploy.0 = Release|Any CPU
	EndGlobalSection
	GlobalSection(SolutionProperties) = preSolution
		HideSolutionNode = FALSE
	EndGlobalSection
	GlobalSection(ExtensibilityGlobals) = postSolution
		SolutionGuid = {231D3067-8EE2-4388-8A1D-FE58CAFECEE5}
	EndGlobalSection
EndGlobal
